
Microsoft Visual Studio Solution File, Format Version 12.00
# Visual Studio Version 17
VisualStudioVersion = 17.14.36414.22 d17.14
MinimumVisualStudioVersion = 10.0.40219.1
Project("{FAE04EC0-301F-11D3-BF4B-00C04F79EFBC}") = "Assignment", "Assignment\Assignment.csproj", "{C93D9E98-6F36-4CFA-A075-248A2D1DBC31}"
EndProject
Global
	GlobalSection(SolutionConfigurationPlatforms) = preSolution
		Debug|Any CPU = Debug|Any CPU
		Release|Any CPU = Release|Any CPU
	EndGlobalSection
	GlobalSection(ProjectConfigurationPlatforms) = postSolution
		{C93D9E98-6F36-4CFA-A075-248A2D1DBC31}.Debug|Any CPU.ActiveCfg = Debug|Any CPU
		{C93D9E98-6F36-4CFA-A075-248A2D1DBC31}.Debug|Any CPU.Build.0 = Debug|Any CPU
		{C93D9E98-6F36-4CFA-A075-248A2D1DBC31}.Release|Any CPU.ActiveCfg = Release|Any CPU
		{C93D9E98-6F36-4CFA-A075-248A2D1DBC31}.Release|Any CPU.Build.0 = Release|Any CPU
	EndGlobalSection
	GlobalSection(SolutionProperties) = preSolution
		HideSolutionNode = FALSE
	EndGlobalSection
	GlobalSection(ExtensibilityGlobals) = postSolution
		SolutionGuid = {435BD95D-61DB-4A39-8472-15AD95FD86B8}
	EndGlobalSection
EndGlobal
